
Microsoft Visual Studio Solution File, Format Version 12.00
# Visual Studio Version 16
VisualStudioVersion = 16.0.33920.266
MinimumVisualStudioVersion = 10.0.40219.1
Project("{FAE04EC0-301F-11D3-BF4B-00C04F79EFBC}") = "LoginLogOutMvc", "LoginLogOutMvc\LoginLogOutMvc.csproj", "{D23C9AE7-E8A5-4557-9C19-44BFAB7B7F92}"
EndProject
Global
	GlobalSection(SolutionConfigurationPlatforms) = preSolution
		Debug|Any CPU = Debug|Any CPU
		Release|Any CPU = Release|Any CPU
	EndGlobalSection
	GlobalSection(ProjectConfigurationPlatforms) = postSolution
		{D23C9AE7-E8A5-4557-9C19-44BFAB7B7F92}.Debug|Any CPU.ActiveCfg = Debug|Any CPU
		{D23C9AE7-E8A5-4557-9C19-44BFAB7B7F92}.Debug|Any CPU.Build.0 = Debug|Any CPU
		{D23C9AE7-E8A5-4557-9C19-44BFAB7B7F92}.Release|Any CPU.ActiveCfg = Release|Any CPU
		{D23C9AE7-E8A5-4557-9C19-44BFAB7B7F92}.Release|Any CPU.Build.0 = Release|Any CPU
	EndGlobalSection
	GlobalSection(SolutionProperties) = preSolution
		HideSolutionNode = FALSE
	EndGlobalSection
	GlobalSection(ExtensibilityGlobals) = postSolution
		SolutionGuid = {B8A25A28-F742-47F1-A32F-C6E659E126A8}
	EndGlobalSection
EndGlobal
